
Microsoft Visual Studio Solution File, Format Version 12.00
# Visual Studio Version 16
VisualStudioVersion = 16.0.31829.152
MinimumVisualStudioVersion = 10.0.40219.1
Project("{FAE04EC0-301F-11D3-BF4B-00C04F79EFBC}") = "Inventory System", "Inventory System.csproj", "{7B197700-7060-471B-9010-A3F4771000A3}"
EndProject
Global
	GlobalSection(SolutionConfigurationPlatforms) = preSolution
		Debug|Any CPU = Debug|Any CPU
		Release|Any CPU = Release|Any CPU
	EndGlobalSection
	GlobalSection(ProjectConfigurationPlatforms) = postSolution
		{7B197700-7060-471B-9010-A3F4771000A3}.Debug|Any CPU.ActiveCfg = Debug|Any CPU
		{7B197700-7060-471B-9010-A3F4771000A3}.Debug|Any CPU.Build.0 = Debug|Any CPU
		{7B197700-7060-471B-9010-A3F4771000A3}.Release|Any CPU.ActiveCfg = Release|Any CPU
		{7B197700-7060-471B-9010-A3F4771000A3}.Release|Any CPU.Build.0 = Release|Any CPU
	EndGlobalSection
	GlobalSection(SolutionProperties) = preSolution
		HideSolutionNode = FALSE
	EndGlobalSection
	GlobalSection(ExtensibilityGlobals) = postSolution
		SolutionGuid = {2A4A6D5D-53B3-483E-AF86-AA51EAA6A4D5}
	EndGlobalSection
EndGlobal
